<?xml version="1.0" encoding="utf-8"?>
<Project ToolsVersion="4.0" xmlns="http://schemas.microsoft.com/developer/msbuild/2003">
  <ItemGroup>
    <Filter Include="resources">
      <UniqueIdentifier>{67DA6AB6-F800-4c08-8B7A-83BB121AAD01}</UniqueIdentifier>
      <Extensions>rc;ico;cur;bmp;dlg;rc2;rct;bin;rgs;gif;jpg;jpeg;jpe;resx;tiff;tif;png;wav;mfcribbon-ms</Extensions>
    </Filter>
    <Filter Include="cpp">
      <UniqueIdentifier>{4FC737F1-C7A5-4376-A066-2A32D752A2FF}</UniqueIdentifier>
      <Extensions>cpp;c;cc;cxx;c++;cppm;ixx;def;odl;idl;hpj;bat;asm;asmx</Extensions>
    </Filter>
    <Filter Include="head">
      <UniqueIdentifier>{93995380-89BD-4b04-88EB-625FBE52EBFB}</UniqueIdentifier>
      <Extensions>h;hh;hpp;hxx;h++;hm;inl;inc;ipp;xsd</Extensions>
    </Filter>
  </ItemGroup>
  <ItemGroup>
    <ClCompile Include="appProject.cpp">
      <Filter>cpp</Filter>
    </ClCompile>
    <ClCompile Include="Game.cpp">
      <Filter>cpp</Filter>
    </ClCompile>
    <ClCompile Include="Board.cpp">
      <Filter>cpp</Filter>
    </ClCompile>
    <ClCompile Include="Vec2.cpp">
      <Filter>cpp</Filter>
    </ClCompile>
    <ClCompile Include="raylibcpp.cpp">
      <Filter>cpp</Filter>
    </ClCompile>
    <ClCompile Include="Shape.cpp">
      <Filter>cpp</Filter>
    </ClCompile>
    <ClCompile Include="Square.cpp">
      <Filter>cpp</Filter>
    </ClCompile>
    <ClCompile Include="Line.cpp">
      <Filter>cpp</Filter>
    </ClCompile>
    <ClCompile Include="LRight.cpp">
      <Filter>cpp</Filter>
    </ClCompile>
    <ClCompile Include="LLeft.cpp">
      <Filter>cpp</Filter>
    </ClCompile>
    <ClCompile Include="ollo.cpp">
      <Filter>cpp</Filter>
    </ClCompile>
    <ClCompile Include="TLeft.cpp">
      <Filter>cpp</Filter>
    </ClCompile>
    <ClCompile Include="TRight.cpp">
      <Filter>cpp</Filter>
    </ClCompile>
    <ClCompile Include="Cell.cpp">
      <Filter>cpp</Filter>
    </ClCompile>
    <ClCompile Include="Bloc.cpp">
      <Filter>cpp</Filter>
    </ClCompile>
    <ClCompile Include="Graphics.cpp">
      <Filter>cpp</Filter>
    </ClCompile>
    <ClCompile Include="Element.cpp">
      <Filter>cpp</Filter>
    </ClCompile>
  </ItemGroup>
  <ItemGroup>
    <ClInclude Include="Game.h">
      <Filter>head</Filter>
    </ClInclude>
    <ClInclude Include="Board.h">
      <Filter>head</Filter>
    </ClInclude>
    <ClInclude Include="Vec2.h">
      <Filter>head</Filter>
    </ClInclude>
    <ClInclude Include="raylibcpp.h">
      <Filter>head</Filter>
    </ClInclude>
    <ClInclude Include="Shape.h">
      <Filter>head</Filter>
    </ClInclude>
    <ClInclude Include="Square.h">
      <Filter>head</Filter>
    </ClInclude>
    <ClInclude Include="Line.h">
      <Filter>head</Filter>
    </ClInclude>
    <ClInclude Include="LRight.h">
      <Filter>head</Filter>
    </ClInclude>
    <ClInclude Include="LLeft.h">
      <Filter>head</Filter>
    </ClInclude>
    <ClInclude Include="ollo.h">
      <Filter>head</Filter>
    </ClInclude>
    <ClInclude Include="TimerClock.hpp">
      <Filter>head</Filter>
    </ClInclude>
    <ClInclude Include="TLeft.h">
      <Filter>head</Filter>
    </ClInclude>
    <ClInclude Include="TRight.h">
      <Filter>head</Filter>
    </ClInclude>
    <ClInclude Include="Settings.h">
      <Filter>head</Filter>
    </ClInclude>
    <ClInclude Include="Cell.h">
      <Filter>head</Filter>
    </ClInclude>
    <ClInclude Include="Bloc.h">
      <Filter>head</Filter>
    </ClInclude>
    <ClInclude Include="Graphics.h">
      <Filter>head</Filter>
    </ClInclude>
    <ClInclude Include="Element.h">
      <Filter>head</Filter>
    </ClInclude>
  </ItemGroup>
</Project>